
Microsoft Visual Studio Solution File, Format Version 12.00
# Visual Studio Version 17
VisualStudioVersion = 17.0.31903.59
MinimumVisualStudioVersion = 10.0.40219.1
Project("{FAE04EC0-301F-11D3-BF4B-00C04F79EFBC}") = "CardDemo.Identity", "CardDemo.Identity\CardDemo.Identity.csproj", "{A1A51869-00EF-43FB-B107-9C00F1F5CD18}"
EndProject
Project("{FAE04EC0-301F-11D3-BF4B-00C04F79EFBC}") = "CardDemo.Identity.Tests", "CardDemo.Identity.Tests\CardDemo.Identity.Tests.csproj", "{519DFB83-7F0F-400E-9D5D-C31CE5A74B3B}"
EndProject
Global
	GlobalSection(SolutionConfigurationPlatforms) = preSolution
		Debug|Any CPU = Debug|Any CPU
		Debug|x64 = Debug|x64
		Debug|x86 = Debug|x86
		Release|Any CPU = Release|Any CPU
		Release|x64 = Release|x64
		Release|x86 = Release|x86
	EndGlobalSection
	GlobalSection(ProjectConfigurationPlatforms) = postSolution
		{A1A51869-00EF-43FB-B107-9C00F1F5CD18}.Debug|Any CPU.ActiveCfg = Debug|Any CPU
		{A1A51869-00EF-43FB-B107-9C00F1F5CD18}.Debug|Any CPU.Build.0 = Debug|Any CPU
		{A1A51869-00EF-43FB-B107-9C00F1F5CD18}.Debug|x64.ActiveCfg = Debug|Any CPU
		{A1A51869-00EF-43FB-B107-9C00F1F5CD18}.Debug|x64.Build.0 = Debug|Any CPU
		{A1A51869-00EF-43FB-B107-9C00F1F5CD18}.Debug|x86.ActiveCfg = Debug|Any CPU
		{A1A51869-00EF-43FB-B107-9C00F1F5CD18}.Debug|x86.Build.0 = Debug|Any CPU
		{A1A51869-00EF-43FB-B107-9C00F1F5CD18}.Release|Any CPU.ActiveCfg = Release|Any CPU
		{A1A51869-00EF-43FB-B107-9C00F1F5CD18}.Release|Any CPU.Build.0 = Release|Any CPU
		{A1A51869-00EF-43FB-B107-9C00F1F5CD18}.Release|x64.ActiveCfg = Release|Any CPU
		{A1A51869-00EF-43FB-B107-9C00F1F5CD18}.Release|x64.Build.0 = Release|Any CPU
		{A1A51869-00EF-43FB-B107-9C00F1F5CD18}.Release|x86.ActiveCfg = Release|Any CPU
		{A1A51869-00EF-43FB-B107-9C00F1F5CD18}.Release|x86.Build.0 = Release|Any CPU
		{519DFB83-7F0F-400E-9D5D-C31CE5A74B3B}.Debug|Any CPU.ActiveCfg = Debug|Any CPU
		{519DFB83-7F0F-400E-9D5D-C31CE5A74B3B}.Debug|Any CPU.Build.0 = Debug|Any CPU
		{519DFB83-7F0F-400E-9D5D-C31CE5A74B3B}.Debug|x64.ActiveCfg = Debug|Any CPU
		{519DFB83-7F0F-400E-9D5D-C31CE5A74B3B}.Debug|x64.Build.0 = Debug|Any CPU
		{519DFB83-7F0F-400E-9D5D-C31CE5A74B3B}.Debug|x86.ActiveCfg = Debug|Any CPU
		{519DFB83-7F0F-400E-9D5D-C31CE5A74B3B}.Debug|x86.Build.0 = Debug|Any CPU
		{519DFB83-7F0F-400E-9D5D-C31CE5A74B3B}.Release|Any CPU.ActiveCfg = Release|Any CPU
		{519DFB83-7F0F-400E-9D5D-C31CE5A74B3B}.Release|Any CPU.Build.0 = Release|Any CPU
		{519DFB83-7F0F-400E-9D5D-C31CE5A74B3B}.Release|x64.ActiveCfg = Release|Any CPU
		{519DFB83-7F0F-400E-9D5D-C31CE5A74B3B}.Release|x64.Build.0 = Release|Any CPU
		{519DFB83-7F0F-400E-9D5D-C31CE5A74B3B}.Release|x86.ActiveCfg = Release|Any CPU
		{519DFB83-7F0F-400E-9D5D-C31CE5A74B3B}.Release|x86.Build.0 = Release|Any CPU
	EndGlobalSection
	GlobalSection(SolutionProperties) = preSolution
		HideSolutionNode = FALSE
	EndGlobalSection
EndGlobal
